
Microsoft Visual Studio Solution File, Format Version 11.00
# Visual Studio 2010
Project("{FAE04EC0-301F-11D3-BF4B-00C04F79EFBC}") = "VuforiaScripts", "VuforiaScripts.csproj", "{0C7586B2-2198-24B8-F89F-7D84BCB15D16}"
EndProject
Project("{FAE04EC0-301F-11D3-BF4B-00C04F79EFBC}") = "VuforiaEditorScripts", "VuforiaEditorScripts.csproj", "{32142B37-9D98-E676-B0AE-F1EF51E3FF6C}"
EndProject
Global
	GlobalSection(SolutionConfigurationPlatforms) = preSolution
		Debug|Any CPU = Debug|Any CPU
		Release|Any CPU = Release|Any CPU
	EndGlobalSection
	GlobalSection(ProjectConfigurationPlatforms) = postSolution
		{0C7586B2-2198-24B8-F89F-7D84BCB15D16}.Debug|Any CPU.ActiveCfg = Debug|Any CPU
		{0C7586B2-2198-24B8-F89F-7D84BCB15D16}.Debug|Any CPU.Build.0 = Debug|Any CPU
		{0C7586B2-2198-24B8-F89F-7D84BCB15D16}.Release|Any CPU.ActiveCfg = Release|Any CPU
		{0C7586B2-2198-24B8-F89F-7D84BCB15D16}.Release|Any CPU.Build.0 = Release|Any CPU
		{32142B37-9D98-E676-B0AE-F1EF51E3FF6C}.Debug|Any CPU.ActiveCfg = Debug|Any CPU
		{32142B37-9D98-E676-B0AE-F1EF51E3FF6C}.Debug|Any CPU.Build.0 = Debug|Any CPU
		{32142B37-9D98-E676-B0AE-F1EF51E3FF6C}.Release|Any CPU.ActiveCfg = Release|Any CPU
		{32142B37-9D98-E676-B0AE-F1EF51E3FF6C}.Release|Any CPU.Build.0 = Release|Any CPU
	EndGlobalSection
	GlobalSection(SolutionProperties) = preSolution
		HideSolutionNode = FALSE
	EndGlobalSection
EndGlobal
